
Microsoft Visual Studio Solution File, Format Version 12.00
# Visual Studio Version 17
VisualStudioVersion = 17.7.34202.233
MinimumVisualStudioVersion = 10.0.40219.1
Project("{8BC9CEB8-8B4A-11D0-8D11-00A0C91BC942}") = "TiledMatrixMultiplication", "TiledMatrixMultiplication\TiledMatrixMultiplication.vcxproj", "{846C27FC-BE71-4E4A-811F-0DC605A6A5C2}"
EndProject
Global
	GlobalSection(SolutionConfigurationPlatforms) = preSolution
		Debug|x64 = Debug|x64
		Release|x64 = Release|x64
	EndGlobalSection
	GlobalSection(ProjectConfigurationPlatforms) = postSolution
		{846C27FC-BE71-4E4A-811F-0DC605A6A5C2}.Debug|x64.ActiveCfg = Debug|x64
		{846C27FC-BE71-4E4A-811F-0DC605A6A5C2}.Debug|x64.Build.0 = Debug|x64
		{846C27FC-BE71-4E4A-811F-0DC605A6A5C2}.Release|x64.ActiveCfg = Release|x64
		{846C27FC-BE71-4E4A-811F-0DC605A6A5C2}.Release|x64.Build.0 = Release|x64
	EndGlobalSection
	GlobalSection(SolutionProperties) = preSolution
		HideSolutionNode = FALSE
	EndGlobalSection
	GlobalSection(ExtensibilityGlobals) = postSolution
		SolutionGuid = {37ED14A0-E9E3-49A1-82B6-4B75E063F386}
	EndGlobalSection
EndGlobal
